{
  "name": "npm-use-njy",
  "version": "1.0.0",
  "lockfileVersion": 3,
  "requires": true,
  "packages": {
    "": {
      "name": "npm-use-njy",
      "version": "1.0.0",
      "license": "ISC",
      "dependencies": {
        "npm-tools-njy": "1.0.0"
      }
    },
    "node_modules/npm-tools-njy": {
      "version": "1.0.0",
      "resolved": "https://registry.npmjs.org/npm-tools-njy/-/npm-tools-njy-1.0.0.tgz",
      "integrity": "sha512-kzjm6qFK01lFA/Baq5h9Ms+cYKVjYS2ZdLAQfoDA7oBGrwSI0tFdmfxf2tPS9U7B0MWlojwy4PAS2gWKa1J+Fw=="
    }
  }
}
